<?xml version="1.0" encoding="utf-8"?>
<Project ToolsVersion="4.0" xmlns="http://schemas.microsoft.com/developer/msbuild/2003">
  <ItemGroup>
    <Filter Include="Inc">
      <UniqueIdentifier>{2726b281-32ed-46d0-bbb0-a3dc3bfdfe0b}</UniqueIdentifier>
    </Filter>
    <Filter Include="Src">
      <UniqueIdentifier>{696e1201-812e-4d9a-9c9b-5f6cec17a63a}</UniqueIdentifier>
    </Filter>
  </ItemGroup>
  <ItemGroup>
    <ClInclude Include="Inc\imconfig.h">
      <Filter>Inc</Filter>
    </ClInclude>
    <ClInclude Include="Inc\imgui.h">
      <Filter>Inc</Filter>
    </ClInclude>
    <ClInclude Include="Inc\imgui_impl_android.h">
      <Filter>Inc</Filter>
    </ClInclude>
    <ClInclude Include="Inc\imgui_impl_dx12.h">
      <Filter>Inc</Filter>
    </ClInclude>
    <ClInclude Include="Inc\imgui_impl_glfw.h">
      <Filter>Inc</Filter>
    </ClInclude>
    <ClInclude Include="Inc\imgui_impl_vulkan.h">
      <Filter>Inc</Filter>
    </ClInclude>
    <ClInclude Include="Inc\imgui_internal.h">
      <Filter>Inc</Filter>
    </ClInclude>
    <ClInclude Include="Inc\imgui_stdlib.h">
      <Filter>Inc</Filter>
    </ClInclude>
    <ClInclude Include="Inc\imstb_rectpack.h">
      <Filter>Inc</Filter>
    </ClInclude>
    <ClInclude Include="Inc\imstb_textedit.h">
      <Filter>Inc</Filter>
    </ClInclude>
    <ClInclude Include="Inc\imstb_truetype.h">
      <Filter>Inc</Filter>
    </ClInclude>
    <ClInclude Include="Src\Precompiled.h">
      <Filter>Src</Filter>
    </ClInclude>
    <ClInclude Include="Inc\DearImgui.h">
      <Filter>Inc</Filter>
    </ClInclude>
    <ClInclude Include="Inc\imgui_impl_osx.h">
      <Filter>Inc</Filter>
    </ClInclude>
    <ClInclude Include="Inc\imgui_impl_win32.h">
      <Filter>Inc</Filter>
    </ClInclude>
    <ClInclude Include="Inc\Common.h">
      <Filter>Inc</Filter>
    </ClInclude>
    <ClInclude Include="Inc\ImguiLayer.h">
      <Filter>Inc</Filter>
    </ClInclude>
  </ItemGroup>
  <ItemGroup>
    <ClCompile Include="Src\imgui.cpp">
      <Filter>Src</Filter>
    </ClCompile>
    <ClCompile Include="Src\imgui_demo.cpp">
      <Filter>Src</Filter>
    </ClCompile>
    <ClCompile Include="Src\imgui_draw.cpp">
      <Filter>Src</Filter>
    </ClCompile>
    <ClCompile Include="Src\imgui_impl_android.cpp">
      <Filter>Src</Filter>
    </ClCompile>
    <ClCompile Include="Src\imgui_impl_dx12.cpp">
      <Filter>Src</Filter>
    </ClCompile>
    <ClCompile Include="Src\imgui_impl_vulkan.cpp">
      <Filter>Src</Filter>
    </ClCompile>
    <ClCompile Include="Src\imgui_stdlib.cpp">
      <Filter>Src</Filter>
    </ClCompile>
    <ClCompile Include="Src\imgui_tables.cpp">
      <Filter>Src</Filter>
    </ClCompile>
    <ClCompile Include="Src\imgui_widgets.cpp">
      <Filter>Src</Filter>
    </ClCompile>
    <ClCompile Include="Src\Precompiled.cpp">
      <Filter>Src</Filter>
    </ClCompile>
    <ClCompile Include="Src\imgui_impl_glfw.cpp">
      <Filter>Src</Filter>
    </ClCompile>
    <ClCompile Include="Src\ImguiLayer.cpp">
      <Filter>Src</Filter>
    </ClCompile>
  </ItemGroup>
  <ItemGroup>
    <None Include="Src\imgui_impl_metal.mm">
      <Filter>Src</Filter>
    </None>
    <None Include="Src\imgui_impl_osx.mm">
      <Filter>Src</Filter>
    </None>
  </ItemGroup>
</Project>